
Microsoft Visual Studio Solution File, Format Version 12.00
# Visual Studio Version 17
VisualStudioVersion = 17.3.32929.385
MinimumVisualStudioVersion = 10.0.40219.1
Project("{9A19103F-16F7-4668-BE54-9A1E7A4F7556}") = "WPFTest", "WPFTest\WPFTest.csproj", "{92A8664F-1C90-48FF-A199-9EC98239F276}"
EndProject
Project("{FAE04EC0-301F-11D3-BF4B-00C04F79EFBC}") = "WpfTestdotNetFW", "WpfTestdotNetFW\WpfTestdotNetFW.csproj", "{A687FD32-C4BF-4122-B305-C92BA64451BA}"
EndProject
Global
	GlobalSection(SolutionConfigurationPlatforms) = preSolution
		Debug|Any CPU = Debug|Any CPU
		Release|Any CPU = Release|Any CPU
	EndGlobalSection
	GlobalSection(ProjectConfigurationPlatforms) = postSolution
		{92A8664F-1C90-48FF-A199-9EC98239F276}.Debug|Any CPU.ActiveCfg = Debug|Any CPU
		{92A8664F-1C90-48FF-A199-9EC98239F276}.Debug|Any CPU.Build.0 = Debug|Any CPU
		{92A8664F-1C90-48FF-A199-9EC98239F276}.Release|Any CPU.ActiveCfg = Release|Any CPU
		{92A8664F-1C90-48FF-A199-9EC98239F276}.Release|Any CPU.Build.0 = Release|Any CPU
		{A687FD32-C4BF-4122-B305-C92BA64451BA}.Debug|Any CPU.ActiveCfg = Debug|Any CPU
		{A687FD32-C4BF-4122-B305-C92BA64451BA}.Debug|Any CPU.Build.0 = Debug|Any CPU
		{A687FD32-C4BF-4122-B305-C92BA64451BA}.Release|Any CPU.ActiveCfg = Release|Any CPU
		{A687FD32-C4BF-4122-B305-C92BA64451BA}.Release|Any CPU.Build.0 = Release|Any CPU
	EndGlobalSection
	GlobalSection(SolutionProperties) = preSolution
		HideSolutionNode = FALSE
	EndGlobalSection
	GlobalSection(ExtensibilityGlobals) = postSolution
		SolutionGuid = {82D975ED-7D40-4400-B53E-C5910C10F91F}
	EndGlobalSection
EndGlobal
